
Microsoft Visual Studio Solution File, Format Version 12.00
# Visual Studio Version 16
VisualStudioVersion = 16.0.30225.117
MinimumVisualStudioVersion = 10.0.40219.1
Project("{FAE04EC0-301F-11D3-BF4B-00C04F79EFBC}") = "AlgorithmsSedgewick", "AlgorithmsSedgewick\AlgorithmsSedgewick.csproj", "{EEC55B8D-B1EA-4FB4-83A8-74B8852626AA}"
EndProject
Global
	GlobalSection(SolutionConfigurationPlatforms) = preSolution
		Debug|Any CPU = Debug|Any CPU
		Release|Any CPU = Release|Any CPU
	EndGlobalSection
	GlobalSection(ProjectConfigurationPlatforms) = postSolution
		{EEC55B8D-B1EA-4FB4-83A8-74B8852626AA}.Debug|Any CPU.ActiveCfg = Debug|Any CPU
		{EEC55B8D-B1EA-4FB4-83A8-74B8852626AA}.Debug|Any CPU.Build.0 = Debug|Any CPU
		{EEC55B8D-B1EA-4FB4-83A8-74B8852626AA}.Release|Any CPU.ActiveCfg = Release|Any CPU
		{EEC55B8D-B1EA-4FB4-83A8-74B8852626AA}.Release|Any CPU.Build.0 = Release|Any CPU
	EndGlobalSection
	GlobalSection(SolutionProperties) = preSolution
		HideSolutionNode = FALSE
	EndGlobalSection
	GlobalSection(ExtensibilityGlobals) = postSolution
		SolutionGuid = {5FC4DC1D-B3E7-470C-A826-EC4D71F1B9B3}
	EndGlobalSection
EndGlobal
